
Microsoft Visual Studio Solution File, Format Version 12.00
# Visual Studio Version 17
VisualStudioVersion = 17.14.36623.8 d17.14
MinimumVisualStudioVersion = 10.0.40219.1
Project("{FAE04EC0-301F-11D3-BF4B-00C04F79EFBC}") = "RestaurantSystem", "RestaurantSystem\RestaurantSystem.csproj", "{1C571CD1-9C26-44F6-8E92-C606C6B7B57D}"
EndProject
Global
	GlobalSection(SolutionConfigurationPlatforms) = preSolution
		Debug|Any CPU = Debug|Any CPU
		Release|Any CPU = Release|Any CPU
	EndGlobalSection
	GlobalSection(ProjectConfigurationPlatforms) = postSolution
		{1C571CD1-9C26-44F6-8E92-C606C6B7B57D}.Debug|Any CPU.ActiveCfg = Debug|Any CPU
		{1C571CD1-9C26-44F6-8E92-C606C6B7B57D}.Debug|Any CPU.Build.0 = Debug|Any CPU
		{1C571CD1-9C26-44F6-8E92-C606C6B7B57D}.Release|Any CPU.ActiveCfg = Release|Any CPU
		{1C571CD1-9C26-44F6-8E92-C606C6B7B57D}.Release|Any CPU.Build.0 = Release|Any CPU
	EndGlobalSection
	GlobalSection(SolutionProperties) = preSolution
		HideSolutionNode = FALSE
	EndGlobalSection
	GlobalSection(ExtensibilityGlobals) = postSolution
		SolutionGuid = {9F49CB80-A322-46B9-97BF-7FCD8C407844}
	EndGlobalSection
EndGlobal
